# This file is automatically @generated by Cargo.
# It is not intended for manual editing.
version = 4

[[package]]
name = "adept"
version = "0.1.0"
dependencies = [
 "cli",
]

[[package]]
name = "ahash"
version = "0.8.11"
source = "registry+https://github.com/rust-lang/crates.io-index"
checksum = "e89da841a80418a9b391ebaea17f5c112ffaaa96f621d2c285b5174da76b9011"
dependencies = [
 "cfg-if",
 "getrandom",
 "once_cell",
 "version_check",
 "zerocopy",
]

[[package]]
name = "aho-corasick"
version = "1.1.3"
source = "registry+https://github.com/rust-lang/crates.io-index"
checksum = "8e60d3430d3a69478ad0993f19238d2df97c507009a52b3c10addcd7f6bcb916"
dependencies = [
 "memchr",
]

[[package]]
name = "anyhow"
version = "1.0.97"
source = "registry+https://github.com/rust-lang/crates.io-index"
checksum = "dcfed56ad506cb2c684a14971b8861fdc3baaaae314b9e5f9bb532cbe3ba7a4f"

[[package]]
name = "append-only-vec"
version = "0.1.7"
source = "registry+https://github.com/rust-lang/crates.io-index"
checksum = "7992085ec035cfe96992dd31bfd495a2ebd31969bb95f624471cb6c0b349e571"

[[package]]
name = "arena"
version = "0.1.0"

[[package]]
name = "asg"
version = "0.1.0"
dependencies = [
 "arena",
 "ast",
 "ast_workspace",
 "attributes",
 "derive_more",
 "diagnostics",
 "fs_tree",
 "indexmap",
 "interpreter_api",
 "itertools",
 "num",
 "ordered-float",
 "primitives",
 "slotmap",
 "source_files",
 "target",
]

[[package]]
name = "ast"
version = "0.1.0"
dependencies = [
 "append-only-vec",
 "arena",
 "ast_workspace_settings",
 "attributes",
 "derive_more",
 "fs_tree",
 "indexmap",
 "interpreter_api",
 "num",
 "num-bigint",
 "primitives",
 "source_files",
 "token",
]

[[package]]
name = "ast_workspace"
version = "0.1.0"
dependencies = [
 "arena",
 "ast",
 "ast_workspace_settings",
 "compiler_version",
 "fs_tree",
 "indexmap",
 "source_files",
]

[[package]]
name = "ast_workspace_settings"
version = "0.1.0"
dependencies = [
 "arena",
 "compiler_version",
 "fs_tree",
 "primitives",
]

[[package]]
name = "attributes"
version = "0.1.0"
dependencies = [
 "derive_more",
]

[[package]]
name = "autocfg"
version = "1.4.0"
source = "registry+https://github.com/rust-lang/crates.io-index"
checksum = "ace50bade8e6234aa140d9a2f552bbee1db4d353f69b8217bc503490fc1a9f26"

[[package]]
name = "backend"
version = "0.1.0"
dependencies = [
 "diagnostics",
 "source_files",
]

[[package]]
name = "bitflags"
version = "2.9.0"
source = "registry+https://github.com/rust-lang/crates.io-index"
checksum = "5c8214115b7bf84099f1309324e63141d4c5d7cc26862f97a0a857dbefe165bd"

[[package]]
name = "bstr"
version = "1.11.3"
source = "registry+https://github.com/rust-lang/crates.io-index"
checksum = "531a9155a481e2ee699d4f98f43c0ca4ff8ee1bfd55c31e9e98fb29d2b176fe0"
dependencies = [
 "memchr",
 "serde",
]

[[package]]
name = "build_asg"
version = "0.1.0"
dependencies = [
 "arena",
 "asg",
 "ast",
 "ast_workspace",
 "ast_workspace_settings",
 "attributes",
 "compiler",
 "data_units",
 "derive_more",
 "diagnostics",
 "fs_tree",
 "indexmap",
 "itertools",
 "num",
 "num-bigint",
 "num-traits",
 "ordered-float",
 "primitives",
 "source_files",
 "std_ext",
]

[[package]]
name = "build_ast"
version = "0.1.0"
dependencies = [
 "ast",
 "attributes",
 "derivative",
 "derive_more",
 "diagnostics",
 "indexmap",
 "infinite_iterator",
 "lazy_format",
 "num",
 "num-bigint",
 "num-traits",
 "source_files",
 "text",
 "token",
]

[[package]]
name = "build_c_ast"
version = "0.1.0"
dependencies = [
 "ast",
 "ast_workspace",
 "attributes",
 "c_ast",
 "c_token",
 "diagnostics",
 "indexmap",
 "num-bigint",
 "num-traits",
 "primitives",
 "source_files",
]

[[package]]
name = "build_c_token"
version = "0.1.0"
dependencies = [
 "c_token",
 "infinite_iterator",
 "pp_token",
 "source_files",
]

[[package]]
name = "build_executable"
version = "0.1.0"
dependencies = [
 "backend",
 "compiler",
 "diagnostics",
 "target",
]

[[package]]
name = "build_ir"
version = "0.1.0"
dependencies = [
 "append-only-vec",
 "asg",
 "attributes",
 "compiler",
 "data_units",
 "diagnostics",
 "indexmap",
 "ir",
 "num",
 "primitives",
 "source_files",
 "target",
 "target_layout",
]

[[package]]
name = "build_llvm_ir"
version = "0.1.0"
dependencies = [
 "append-only-vec",
 "backend",
 "build_executable",
 "colored",
 "compiler",
 "cstr",
 "data_units",
 "derive_more",
 "diagnostics",
 "ir",
 "itertools",
 "llvm-sys",
 "memo-map",
 "once_map",
 "primitives",
 "target",
 "target_layout",
]

[[package]]
name = "build_pp_ast"
version = "0.1.0"
dependencies = [
 "derive_more",
 "diagnostics",
 "infinite_iterator",
 "itertools",
 "look_ahead",
 "pp_ast",
 "pp_token",
 "source_files",
 "text",
]

[[package]]
name = "build_token"
version = "0.1.0"
dependencies = [
 "derive_more",
 "infinite_iterator",
 "num-bigint",
 "num-traits",
 "source_files",
 "text",
 "token",
]

[[package]]
name = "build_workspace"
version = "0.1.0"
dependencies = [
 "append-only-vec",
 "asg",
 "ast",
 "ast_workspace",
 "ast_workspace_settings",
 "attributes",
 "backend",
 "build_asg",
 "build_ast",
 "build_c_ast",
 "build_c_token",
 "build_ir",
 "build_llvm_ir",
 "build_pp_ast",
 "build_token",
 "c_ast",
 "compiler",
 "data_units",
 "derive_more",
 "diagnostics",
 "fs_tree",
 "humansize",
 "ignore",
 "indexmap",
 "infinite_iterator",
 "interpret",
 "interpreter_api",
 "ir",
 "itertools",
 "line_column",
 "path-absolutize",
 "pp_ast",
 "source_files",
 "target",
 "text",
 "thousands",
 "token",
]

[[package]]
name = "c_ast"
version = "0.1.0"
dependencies = [
 "ast",
 "c_token",
 "derive_more",
 "itertools",
 "source_files",
]

[[package]]
name = "c_token"
version = "0.1.0"
dependencies = [
 "derive_more",
 "infinite_iterator",
 "num-bigint",
 "pp_token",
 "source_files",
]

[[package]]
name = "cc"
version = "1.2.18"
source = "registry+https://github.com/rust-lang/crates.io-index"
checksum = "525046617d8376e3db1deffb079e91cef90a89fc3ca5c185bbf8c9ecdd15cd5c"
dependencies = [
 "shlex",
]

[[package]]
name = "cfg-if"
version = "1.0.0"
source = "registry+https://github.com/rust-lang/crates.io-index"
checksum = "baf1de4339761588bc0619e3cbc0120ee582ebb74b53b4efbf79117bd2da40fd"

[[package]]
name = "cli"
version = "0.1.0"
dependencies = [
 "build_pp_ast",
 "build_workspace",
 "compiler",
 "derive_more",
 "diagnostics",
 "enum_dispatch",
 "indoc",
 "source_files",
 "target",
 "text",
]

[[package]]
name = "colored"
version = "2.2.0"
source = "registry+https://github.com/rust-lang/crates.io-index"
checksum = "117725a109d387c937a1533ce01b450cbde6b88abceea8473c4d7a85853cda3c"
dependencies = [
 "lazy_static",
 "windows-sys",
]

[[package]]
name = "compiler"
version = "0.1.0"
dependencies = [
 "compiler_version",
 "diagnostics",
 "once_map",
 "source_files",
 "target",
]

[[package]]
name = "compiler_version"
version = "0.1.0"

[[package]]
name = "convert_case"
version = "0.4.0"
source = "registry+https://github.com/rust-lang/crates.io-index"
checksum = "6245d59a3e82a7fc217c5828a6692dbc6dfb63a0c8c90495621f7b9d79704a0e"

[[package]]
name = "crossbeam-deque"
version = "0.8.6"
source = "registry+https://github.com/rust-lang/crates.io-index"
checksum = "9dd111b7b7f7d55b72c0a6ae361660ee5853c9af73f70c3c2ef6858b950e2e51"
dependencies = [
 "crossbeam-epoch",
 "crossbeam-utils",
]

[[package]]
name = "crossbeam-epoch"
version = "0.9.18"
source = "registry+https://github.com/rust-lang/crates.io-index"
checksum = "5b82ac4a3c2ca9c3460964f020e1402edd5753411d7737aa39c3714ad1b5420e"
dependencies = [
 "crossbeam-utils",
]

[[package]]
name = "crossbeam-utils"
version = "0.8.21"
source = "registry+https://github.com/rust-lang/crates.io-index"
checksum = "d0a5c400df2834b80a4c3327b3aad3a4c4cd4de0629063962b03235697506a28"

[[package]]
name = "cstr"
version = "0.2.12"
source = "registry+https://github.com/rust-lang/crates.io-index"
checksum = "68523903c8ae5aacfa32a0d9ae60cadeb764e1da14ee0d26b1f3089f13a54636"
dependencies = [
 "proc-macro2",
 "quote",
]

[[package]]
name = "data_units"
version = "0.1.0"

[[package]]
name = "derivative"
version = "2.2.0"
source = "registry+https://github.com/rust-lang/crates.io-index"
checksum = "fcc3dd5e9e9c0b295d6e1e4d811fb6f157d5ffd784b8d202fc62eac8035a770b"
dependencies = [
 "proc-macro2",
 "quote",
 "syn 1.0.109",
]

[[package]]
name = "derive_more"
version = "0.99.19"
source = "registry+https://github.com/rust-lang/crates.io-index"
checksum = "3da29a38df43d6f156149c9b43ded5e018ddff2a855cf2cfd62e8cd7d079c69f"
dependencies = [
 "convert_case",
 "proc-macro2",
 "quote",
 "rustc_version",
 "syn 2.0.100",
]

[[package]]
name = "diagnostics"
version = "0.1.0"
dependencies = [
 "append-only-vec",
 "source_files",
]

[[package]]
name = "either"
version = "1.15.0"
source = "registry+https://github.com/rust-lang/crates.io-index"
checksum = "48c757948c5ede0e46177b7add2e67155f70e33c07fea8284df6576da70b3719"

[[package]]
name = "enum_dispatch"
version = "0.3.13"
source = "registry+https://github.com/rust-lang/crates.io-index"
checksum = "aa18ce2bc66555b3218614519ac839ddb759a7d6720732f979ef8d13be147ecd"
dependencies = [
 "once_cell",
 "proc-macro2",
 "quote",
 "syn 2.0.100",
]

[[package]]
name = "equivalent"
version = "1.0.2"
source = "registry+https://github.com/rust-lang/crates.io-index"
checksum = "877a4ace8713b0bcf2a4e7eec82529c029f1d0619886d18145fea96c3ffe5c0f"

[[package]]
name = "fs_tree"
version = "0.1.0"
dependencies = [
 "append-only-vec",
 "arena",
 "once_map",
]

[[package]]
name = "getrandom"
version = "0.2.15"
source = "registry+https://github.com/rust-lang/crates.io-index"
checksum = "c4567c8db10ae91089c99af84c68c38da3ec2f087c3f82960bcdbf3656b6f4d7"
dependencies = [
 "cfg-if",
 "libc",
 "wasi",
]

[[package]]
name = "globset"
version = "0.4.16"
source = "registry+https://github.com/rust-lang/crates.io-index"
checksum = "54a1028dfc5f5df5da8a56a73e6c153c9a9708ec57232470703592a3f18e49f5"
dependencies = [
 "aho-corasick",
 "bstr",
 "log",
 "regex-automata",
 "regex-syntax",
]

[[package]]
name = "hashbrown"
version = "0.15.2"
source = "registry+https://github.com/rust-lang/crates.io-index"
checksum = "bf151400ff0baff5465007dd2f3e717f3fe502074ca563069ce3a6629d07b289"

[[package]]
name = "humansize"
version = "2.1.3"
source = "registry+https://github.com/rust-lang/crates.io-index"
checksum = "6cb51c9a029ddc91b07a787f1d86b53ccfa49b0e86688c946ebe8d3555685dd7"
dependencies = [
 "libm",
]

[[package]]
name = "ignore"
version = "0.4.23"
source = "registry+https://github.com/rust-lang/crates.io-index"
checksum = "6d89fd380afde86567dfba715db065673989d6253f42b88179abd3eae47bda4b"
dependencies = [
 "crossbeam-deque",
 "globset",
 "log",
 "memchr",
 "regex-automata",
 "same-file",
 "walkdir",
 "winapi-util",
]

[[package]]
name = "indexed_arena"
version = "0.4.0"
source = "registry+https://github.com/rust-lang/crates.io-index"
checksum = "ee8d9ca693eae6ed3d35196d814b7afee89ec22dc257a896e2b70b8fd49edc39"

[[package]]
name = "indexmap"
version = "2.9.0"
source = "registry+https://github.com/rust-lang/crates.io-index"
checksum = "cea70ddb795996207ad57735b50c5982d8844f38ba9ee5f1aedcfb708a2aa11e"
dependencies = [
 "equivalent",
 "hashbrown",
]

[[package]]
name = "indoc"
version = "2.0.6"
source = "registry+https://github.com/rust-lang/crates.io-index"
checksum = "f4c7245a08504955605670dbf141fceab975f15ca21570696aebe9d2e71576bd"

[[package]]
name = "infinite_iterator"
version = "0.1.0"

[[package]]
name = "interpret"
version = "0.1.0"
dependencies = [
 "compiler_version",
 "derive_more",
 "interpreter_api",
 "ir",
 "num",
 "num-derive",
 "num-traits",
]

[[package]]
name = "interpreter_api"
version = "0.1.0"

[[package]]
name = "ir"
version = "0.1.0"
dependencies = [
 "append-only-vec",
 "attributes",
 "data_units",
 "derivative",
 "derive_more",
 "interpreter_api",
 "primitives",
 "source_files",
 "target",
]

[[package]]
name = "itertools"
version = "0.13.0"
source = "registry+https://github.com/rust-lang/crates.io-index"
checksum = "413ee7dfc52ee1a4949ceeb7dbc8a33f2d6c088194d9f922fb8318faf1f01186"
dependencies = [
 "either",
]

[[package]]
name = "job"
version = "0.1.0"
dependencies = [
 "append-only-vec",
 "arena",
 "indexed_arena",
]

[[package]]
name = "lazy_format"
version = "2.0.3"
source = "registry+https://github.com/rust-lang/crates.io-index"
checksum = "e479e99b287d578ed5f6cd4c92cdf48db219088adb9c5b14f7c155b71dfba792"

[[package]]
name = "lazy_static"
version = "1.5.0"
source = "registry+https://github.com/rust-lang/crates.io-index"
checksum = "bbd2bcb4c963f2ddae06a2efc7e9f3591312473c50c6685e1f298068316e66fe"

[[package]]
name = "libc"
version = "0.2.171"
source = "registry+https://github.com/rust-lang/crates.io-index"
checksum = "c19937216e9d3aa9956d9bb8dfc0b0c8beb6058fc4f7a4dc4d850edf86a237d6"

[[package]]
name = "libm"
version = "0.2.11"
source = "registry+https://github.com/rust-lang/crates.io-index"
checksum = "8355be11b20d696c8f18f6cc018c4e372165b1fa8126cef092399c9951984ffa"

[[package]]
name = "line_column"
version = "0.1.0"

[[package]]
name = "llvm-sys"
version = "181.2.0"
source = "registry+https://github.com/rust-lang/crates.io-index"
checksum = "d320f9d2723c97d4b78f9190a61ed25cc7cfbe456668c08e6e7dd8e50ceb8500"
dependencies = [
 "anyhow",
 "cc",
 "lazy_static",
 "libc",
 "regex-lite",
 "semver",
]

[[package]]
name = "lock_api"
version = "0.4.12"
source = "registry+https://github.com/rust-lang/crates.io-index"
checksum = "07af8b9cdd281b7915f413fa73f29ebd5d55d0d3f0155584dade1ff18cea1b17"
dependencies = [
 "autocfg",
 "scopeguard",
]

[[package]]
name = "log"
version = "0.4.27"
source = "registry+https://github.com/rust-lang/crates.io-index"
checksum = "13dc2df351e3202783a1fe0d44375f7295ffb4049267b0f3018346dc122a1d94"

[[package]]
name = "look_ahead"
version = "0.1.0"
dependencies = [
 "derive_more",
]

[[package]]
name = "memchr"
version = "2.7.4"
source = "registry+https://github.com/rust-lang/crates.io-index"
checksum = "78ca9ab1a0babb1e7d5695e3530886289c18cf2f87ec19a575a0abdce112e3a3"

[[package]]
name = "memo-map"
version = "0.3.3"
source = "registry+https://github.com/rust-lang/crates.io-index"
checksum = "38d1115007560874e373613744c6fba374c17688327a71c1476d1a5954cc857b"

[[package]]
name = "num"
version = "0.4.3"
source = "registry+https://github.com/rust-lang/crates.io-index"
checksum = "35bd024e8b2ff75562e5f34e7f4905839deb4b22955ef5e73d2fea1b9813cb23"
dependencies = [
 "num-bigint",
 "num-complex",
 "num-integer",
 "num-iter",
 "num-rational",
 "num-traits",
]

[[package]]
name = "num-bigint"
version = "0.4.6"
source = "registry+https://github.com/rust-lang/crates.io-index"
checksum = "a5e44f723f1133c9deac646763579fdb3ac745e418f2a7af9cd0c431da1f20b9"
dependencies = [
 "num-integer",
 "num-traits",
]

[[package]]
name = "num-complex"
version = "0.4.6"
source = "registry+https://github.com/rust-lang/crates.io-index"
checksum = "73f88a1307638156682bada9d7604135552957b7818057dcef22705b4d509495"
dependencies = [
 "num-traits",
]

[[package]]
name = "num-derive"
version = "0.4.2"
source = "registry+https://github.com/rust-lang/crates.io-index"
checksum = "ed3955f1a9c7c0c15e092f9c887db08b1fc683305fdf6eb6684f22555355e202"
dependencies = [
 "proc-macro2",
 "quote",
 "syn 2.0.100",
]

[[package]]
name = "num-integer"
version = "0.1.46"
source = "registry+https://github.com/rust-lang/crates.io-index"
checksum = "7969661fd2958a5cb096e56c8e1ad0444ac2bbcd0061bd28660485a44879858f"
dependencies = [
 "num-traits",
]

[[package]]
name = "num-iter"
version = "0.1.45"
source = "registry+https://github.com/rust-lang/crates.io-index"
checksum = "1429034a0490724d0075ebb2bc9e875d6503c3cf69e235a8941aa757d83ef5bf"
dependencies = [
 "autocfg",
 "num-integer",
 "num-traits",
]

[[package]]
name = "num-rational"
version = "0.4.2"
source = "registry+https://github.com/rust-lang/crates.io-index"
checksum = "f83d14da390562dca69fc84082e73e548e1ad308d24accdedd2720017cb37824"
dependencies = [
 "num-bigint",
 "num-integer",
 "num-traits",
]

[[package]]
name = "num-traits"
version = "0.2.19"
source = "registry+https://github.com/rust-lang/crates.io-index"
checksum = "071dfc062690e90b734c0b2273ce72ad0ffa95f0c74596bc250dcfd960262841"
dependencies = [
 "autocfg",
]

[[package]]
name = "once_cell"
version = "1.21.3"
source = "registry+https://github.com/rust-lang/crates.io-index"
checksum = "42f5e15c9953c5e4ccceeb2e7382a716482c34515315f7b03532b8b4e8393d2d"

[[package]]
name = "once_map"
version = "0.4.21"
source = "registry+https://github.com/rust-lang/crates.io-index"
checksum = "7bd2cae3bec3936bbed1ccc5a3343b3738858182419f9c0522c7260c80c430b0"
dependencies = [
 "ahash",
 "hashbrown",
 "parking_lot",
 "stable_deref_trait",
]

[[package]]
name = "ordered-float"
version = "4.6.0"
source = "registry+https://github.com/rust-lang/crates.io-index"
checksum = "7bb71e1b3fa6ca1c61f383464aaf2bb0e2f8e772a1f01d486832464de363b951"
dependencies = [
 "num-traits",
]

[[package]]
name = "parking_lot"
version = "0.12.3"
source = "registry+https://github.com/rust-lang/crates.io-index"
checksum = "f1bf18183cf54e8d6059647fc3063646a1801cf30896933ec2311622cc4b9a27"
dependencies = [
 "lock_api",
 "parking_lot_core",
]

[[package]]
name = "parking_lot_core"
version = "0.9.10"
source = "registry+https://github.com/rust-lang/crates.io-index"
checksum = "1e401f977ab385c9e4e3ab30627d6f26d00e2c73eef317493c4ec6d468726cf8"
dependencies = [
 "cfg-if",
 "libc",
 "redox_syscall",
 "smallvec",
 "windows-targets",
]

[[package]]
name = "path-absolutize"
version = "3.1.1"
source = "registry+https://github.com/rust-lang/crates.io-index"
checksum = "e4af381fe79fa195b4909485d99f73a80792331df0625188e707854f0b3383f5"
dependencies = [
 "path-dedot",
]

[[package]]
name = "path-dedot"
version = "3.1.1"
source = "registry+https://github.com/rust-lang/crates.io-index"
checksum = "07ba0ad7e047712414213ff67533e6dd477af0a4e1d14fb52343e53d30ea9397"
dependencies = [
 "once_cell",
]

[[package]]
name = "pp_ast"
version = "0.1.0"
dependencies = [
 "derive_more",
 "num-traits",
 "pp_token",
 "source_files",
]

[[package]]
name = "pp_token"
version = "0.1.0"
dependencies = [
 "derive_more",
 "infinite_iterator",
 "source_files",
]

[[package]]
name = "primitives"
version = "0.1.0"
dependencies = [
 "data_units",
 "derive_more",
 "num",
]

[[package]]
name = "proc-macro2"
version = "1.0.94"
source = "registry+https://github.com/rust-lang/crates.io-index"
checksum = "a31971752e70b8b2686d7e46ec17fb38dad4051d94024c88df49b667caea9c84"
dependencies = [
 "unicode-ident",
]

[[package]]
name = "quote"
version = "1.0.40"
source = "registry+https://github.com/rust-lang/crates.io-index"
checksum = "1885c039570dc00dcb4ff087a89e185fd56bae234ddc7f056a945bf36467248d"
dependencies = [
 "proc-macro2",
]

[[package]]
name = "redox_syscall"
version = "0.5.11"
source = "registry+https://github.com/rust-lang/crates.io-index"
checksum = "d2f103c6d277498fbceb16e84d317e2a400f160f46904d5f5410848c829511a3"
dependencies = [
 "bitflags",
]

[[package]]
name = "regex-automata"
version = "0.4.9"
source = "registry+https://github.com/rust-lang/crates.io-index"
checksum = "809e8dc61f6de73b46c85f4c96486310fe304c434cfa43669d7b40f711150908"
dependencies = [
 "aho-corasick",
 "memchr",
 "regex-syntax",
]

[[package]]
name = "regex-lite"
version = "0.1.6"
source = "registry+https://github.com/rust-lang/crates.io-index"
checksum = "53a49587ad06b26609c52e423de037e7f57f20d53535d66e08c695f347df952a"

[[package]]
name = "regex-syntax"
version = "0.8.5"
source = "registry+https://github.com/rust-lang/crates.io-index"
checksum = "2b15c43186be67a4fd63bee50d0303afffcef381492ebe2c5d87f324e1b8815c"

[[package]]
name = "repeating_last"
version = "0.1.0"
dependencies = [
 "derive_more",
]

[[package]]
name = "rustc_version"
version = "0.4.1"
source = "registry+https://github.com/rust-lang/crates.io-index"
checksum = "cfcb3a22ef46e85b45de6ee7e79d063319ebb6594faafcf1c225ea92ab6e9b92"
dependencies = [
 "semver",
]

[[package]]
name = "same-file"
version = "1.0.6"
source = "registry+https://github.com/rust-lang/crates.io-index"
checksum = "93fc1dc3aaa9bfed95e02e6eadabb4baf7e3078b0bd1b4d7b6b0b68378900502"
dependencies = [
 "winapi-util",
]

[[package]]
name = "scopeguard"
version = "1.2.0"
source = "registry+https://github.com/rust-lang/crates.io-index"
checksum = "94143f37725109f92c262ed2cf5e59bce7498c01bcc1502d7b9afe439a4e9f49"

[[package]]
name = "semver"
version = "1.0.26"
source = "registry+https://github.com/rust-lang/crates.io-index"
checksum = "56e6fa9c48d24d85fb3de5ad847117517440f6beceb7798af16b4a87d616b8d0"

[[package]]
name = "serde"
version = "1.0.219"
source = "registry+https://github.com/rust-lang/crates.io-index"
checksum = "5f0e2c6ed6606019b4e29e69dbaba95b11854410e5347d525002456dbbb786b6"
dependencies = [
 "serde_derive",
]

[[package]]
name = "serde_derive"
version = "1.0.219"
source = "registry+https://github.com/rust-lang/crates.io-index"
checksum = "5b0276cf7f2c73365f7157c8123c21cd9a50fbbd844757af28ca1f5925fc2a00"
dependencies = [
 "proc-macro2",
 "quote",
 "syn 2.0.100",
]

[[package]]
name = "shlex"
version = "1.3.0"
source = "registry+https://github.com/rust-lang/crates.io-index"
checksum = "0fda2ff0d084019ba4d7c6f371c95d8fd75ce3524c3cb8fb653a3023f6323e64"

[[package]]
name = "slotmap"
version = "1.0.7"
source = "registry+https://github.com/rust-lang/crates.io-index"
checksum = "dbff4acf519f630b3a3ddcfaea6c06b42174d9a44bc70c620e9ed1649d58b82a"
dependencies = [
 "version_check",
]

[[package]]
name = "smallvec"
version = "1.15.0"
source = "registry+https://github.com/rust-lang/crates.io-index"
checksum = "8917285742e9f3e1683f0a9c4e6b57960b7314d0b08d30d1ecd426713ee2eee9"

[[package]]
name = "source_files"
version = "0.1.0"
dependencies = [
 "append-only-vec",
 "line_column",
]

[[package]]
name = "stable_deref_trait"
version = "1.2.0"
source = "registry+https://github.com/rust-lang/crates.io-index"
checksum = "a8f112729512f8e442d81f95a8a7ddf2b7c6b8a1a6f509a95864142b30cab2d3"

[[package]]
name = "std_ext"
version = "0.1.0"
dependencies = [
 "indexmap",
]

[[package]]
name = "syn"
version = "1.0.109"
source = "registry+https://github.com/rust-lang/crates.io-index"
checksum = "72b64191b275b66ffe2469e8af2c1cfe3bafa67b529ead792a6d0160888b4237"
dependencies = [
 "proc-macro2",
 "quote",
 "unicode-ident",
]

[[package]]
name = "syn"
version = "2.0.100"
source = "registry+https://github.com/rust-lang/crates.io-index"
checksum = "b09a44accad81e1ba1cd74a32461ba89dee89095ba17b32f5d03683b1b1fc2a0"
dependencies = [
 "proc-macro2",
 "quote",
 "unicode-ident",
]

[[package]]
name = "target"
version = "0.1.0"
dependencies = [
 "data_units",
 "primitives",
]

[[package]]
name = "target_layout"
version = "0.1.0"
dependencies = [
 "asg",
 "data_units",
 "derivative",
 "diagnostics",
 "ir",
 "once_map",
 "primitives",
 "source_files",
 "target",
]

[[package]]
name = "text"
version = "0.1.0"
dependencies = [
 "infinite_iterator",
 "line_column",
 "source_files",
]

[[package]]
name = "thousands"
version = "0.2.0"
source = "registry+https://github.com/rust-lang/crates.io-index"
checksum = "3bf63baf9f5039dadc247375c29eb13706706cfde997d0330d05aa63a77d8820"

[[package]]
name = "token"
version = "0.1.0"
dependencies = [
 "derivative",
 "derive_more",
 "infinite_iterator",
 "num-bigint",
 "source_files",
]

[[package]]
name = "unicode-ident"
version = "1.0.18"
source = "registry+https://github.com/rust-lang/crates.io-index"
checksum = "5a5f39404a5da50712a4c1eecf25e90dd62b613502b7e925fd4e4d19b5c96512"

[[package]]
name = "version_check"
version = "0.9.5"
source = "registry+https://github.com/rust-lang/crates.io-index"
checksum = "0b928f33d975fc6ad9f86c8f283853ad26bdd5b10b7f1542aa2fa15e2289105a"

[[package]]
name = "walkdir"
version = "2.5.0"
source = "registry+https://github.com/rust-lang/crates.io-index"
checksum = "29790946404f91d9c5d06f9874efddea1dc06c5efe94541a7d6863108e3a5e4b"
dependencies = [
 "same-file",
 "winapi-util",
]

[[package]]
name = "wasi"
version = "0.11.0+wasi-snapshot-preview1"
source = "registry+https://github.com/rust-lang/crates.io-index"
checksum = "9c8d87e72b64a3b4db28d11ce29237c246188f4f51057d65a7eab63b7987e423"

[[package]]
name = "winapi-util"
version = "0.1.9"
source = "registry+https://github.com/rust-lang/crates.io-index"
checksum = "cf221c93e13a30d793f7645a0e7762c55d169dbb0a49671918a2319d289b10bb"
dependencies = [
 "windows-sys",
]

[[package]]
name = "windows-sys"
version = "0.59.0"
source = "registry+https://github.com/rust-lang/crates.io-index"
checksum = "1e38bc4d79ed67fd075bcc251a1c39b32a1776bbe92e5bef1f0bf1f8c531853b"
dependencies = [
 "windows-targets",
]

[[package]]
name = "windows-targets"
version = "0.52.6"
source = "registry+https://github.com/rust-lang/crates.io-index"
checksum = "9b724f72796e036ab90c1021d4780d4d3d648aca59e491e6b98e725b84e99973"
dependencies = [
 "windows_aarch64_gnullvm",
 "windows_aarch64_msvc",
 "windows_i686_gnu",
 "windows_i686_gnullvm",
 "windows_i686_msvc",
 "windows_x86_64_gnu",
 "windows_x86_64_gnullvm",
 "windows_x86_64_msvc",
]

[[package]]
name = "windows_aarch64_gnullvm"
version = "0.52.6"
source = "registry+https://github.com/rust-lang/crates.io-index"
checksum = "32a4622180e7a0ec044bb555404c800bc9fd9ec262ec147edd5989ccd0c02cd3"

[[package]]
name = "windows_aarch64_msvc"
version = "0.52.6"
source = "registry+https://github.com/rust-lang/crates.io-index"
checksum = "09ec2a7bb152e2252b53fa7803150007879548bc709c039df7627cabbd05d469"

[[package]]
name = "windows_i686_gnu"
version = "0.52.6"
source = "registry+https://github.com/rust-lang/crates.io-index"
checksum = "8e9b5ad5ab802e97eb8e295ac6720e509ee4c243f69d781394014ebfe8bbfa0b"

[[package]]
name = "windows_i686_gnullvm"
version = "0.52.6"
source = "registry+https://github.com/rust-lang/crates.io-index"
checksum = "0eee52d38c090b3caa76c563b86c3a4bd71ef1a819287c19d586d7334ae8ed66"

[[package]]
name = "windows_i686_msvc"
version = "0.52.6"
source = "registry+https://github.com/rust-lang/crates.io-index"
checksum = "240948bc05c5e7c6dabba28bf89d89ffce3e303022809e73deaefe4f6ec56c66"

[[package]]
name = "windows_x86_64_gnu"
version = "0.52.6"
source = "registry+https://github.com/rust-lang/crates.io-index"
checksum = "147a5c80aabfbf0c7d901cb5895d1de30ef2907eb21fbbab29ca94c5b08b1a78"

[[package]]
name = "windows_x86_64_gnullvm"
version = "0.52.6"
source = "registry+https://github.com/rust-lang/crates.io-index"
checksum = "24d5b23dc417412679681396f2b49f3de8c1473deb516bd34410872eff51ed0d"

[[package]]
name = "windows_x86_64_msvc"
version = "0.52.6"
source = "registry+https://github.com/rust-lang/crates.io-index"
checksum = "589f6da84c646204747d1270a2a5661ea66ed1cced2631d546fdfb155959f9ec"

[[package]]
name = "zerocopy"
version = "0.7.35"
source = "registry+https://github.com/rust-lang/crates.io-index"
checksum = "1b9b4fd18abc82b8136838da5d50bae7bdea537c574d8dc1a34ed098d6c166f0"
dependencies = [
 "zerocopy-derive",
]

[[package]]
name = "zerocopy-derive"
version = "0.7.35"
source = "registry+https://github.com/rust-lang/crates.io-index"
checksum = "fa4f8080344d4671fb4e831a13ad1e68092748387dfc4f55e356242fae12ce3e"
dependencies = [
 "proc-macro2",
 "quote",
 "syn 2.0.100",
]
